
Microsoft Visual Studio Solution File, Format Version 12.00
# Visual Studio 2013
VisualStudioVersion = 12.0.30501.0
MinimumVisualStudioVersion = 10.0.40219.1
Project("{FAE04EC0-301F-11D3-BF4B-00C04F79EFBC}") = "DC.PaymentProvider", "DC.PaymentProvider.csproj", "{7F8C6511-64E5-4703-9AAA-0D539C942E49}"
EndProject
Project("{FAE04EC0-301F-11D3-BF4B-00C04F79EFBC}") = "DC.PaymentProvider.Tests", "DC.PaymentProvider.Tests\DC.PaymentProvider.Tests.csproj", "{1E1C5AD5-D63D-4197-8B3B-C641C51D910D}"
EndProject
Global
	GlobalSection(TeamFoundationVersionControl) = preSolution
		SccNumberOfProjects = 3
		SccEnterpriseProvider = {4CA58AB2-18FA-4F8D-95D4-32DDF27D184C}
		SccTeamFoundationServer = https://puremethods.visualstudio.com/defaultcollection
		SccLocalPath0 = .
		SccProjectUniqueName1 = DC.PaymentProvider.csproj
		SccLocalPath1 = .
		SccProjectUniqueName2 = DC.PaymentProvider.Tests\\DC.PaymentProvider.Tests.csproj
		SccProjectName2 = DC.PaymentProvider.Tests
		SccLocalPath2 = DC.PaymentProvider.Tests
	EndGlobalSection
	GlobalSection(SolutionConfigurationPlatforms) = preSolution
		Debug|Any CPU = Debug|Any CPU
		Release|Any CPU = Release|Any CPU
	EndGlobalSection
	GlobalSection(ProjectConfigurationPlatforms) = postSolution
		{7F8C6511-64E5-4703-9AAA-0D539C942E49}.Debug|Any CPU.ActiveCfg = Debug|Any CPU
		{7F8C6511-64E5-4703-9AAA-0D539C942E49}.Debug|Any CPU.Build.0 = Debug|Any CPU
		{7F8C6511-64E5-4703-9AAA-0D539C942E49}.Release|Any CPU.ActiveCfg = Release|Any CPU
		{7F8C6511-64E5-4703-9AAA-0D539C942E49}.Release|Any CPU.Build.0 = Release|Any CPU
		{1E1C5AD5-D63D-4197-8B3B-C641C51D910D}.Debug|Any CPU.ActiveCfg = Debug|Any CPU
		{1E1C5AD5-D63D-4197-8B3B-C641C51D910D}.Debug|Any CPU.Build.0 = Debug|Any CPU
		{1E1C5AD5-D63D-4197-8B3B-C641C51D910D}.Release|Any CPU.ActiveCfg = Release|Any CPU
		{1E1C5AD5-D63D-4197-8B3B-C641C51D910D}.Release|Any CPU.Build.0 = Release|Any CPU
	EndGlobalSection
	GlobalSection(SolutionProperties) = preSolution
		HideSolutionNode = FALSE
	EndGlobalSection
EndGlobal
