
Microsoft Visual Studio Solution File, Format Version 12.00
# Visual Studio 2013
VisualStudioVersion = 12.0.30723.0
MinimumVisualStudioVersion = 10.0.40219.1
Project("{FAE04EC0-301F-11D3-BF4B-00C04F79EFBC}") = "DC.Common", "..\..\DCServices\Trunk\DC.Common\DC.Common.csproj", "{725A0573-6B64-43DC-AFBE-2C8D332B887C}"
EndProject
Project("{FAE04EC0-301F-11D3-BF4B-00C04F79EFBC}") = "DC.Data", "..\..\DCServices\Trunk\DC.Data\DC.Data.csproj", "{45CC1033-9ADC-4592-9750-5595A48D9BAA}"
EndProject
Project("{FAE04EC0-301F-11D3-BF4B-00C04F79EFBC}") = "DC.Providers", "..\..\DCServices\Trunk\DC.Providers\DC.Providers.csproj", "{2E98565F-C938-4B3F-B559-276321B12F3D}"
EndProject
Project("{FAE04EC0-301F-11D3-BF4B-00C04F79EFBC}") = "DC.Common.Models", "..\..\DCServices\Trunk\DC.Models\DC.Common.Models.csproj", "{5780EF14-C471-4CC5-97CA-2BE451734CAA}"
EndProject
Project("{FAE04EC0-301F-11D3-BF4B-00C04F79EFBC}") = "Portal", "Portal.csproj", "{0761521C-0C8A-4DE6-B7DF-6F61224961E6}"
EndProject
Project("{FAE04EC0-301F-11D3-BF4B-00C04F79EFBC}") = "crypto", "..\..\DCServices\Trunk\bccrypto-net-1.7-src-ext\csharp\crypto\crypto.csproj", "{38872A5F-E87E-4FAD-B109-8EB7B2E6A4A0}"
EndProject
Project("{FAE04EC0-301F-11D3-BF4B-00C04F79EFBC}") = "PinPayments", "..\..\BitcoinATMReleaseVersion\BitcoinATM\PinPayments\PinPayments.csproj", "{D80F497B-61A9-4355-85D5-245FCA984A43}"
EndProject
Global
	GlobalSection(TeamFoundationVersionControl) = preSolution
		SccNumberOfProjects = 8
		SccEnterpriseProvider = {4CA58AB2-18FA-4F8D-95D4-32DDF27D184C}
		SccTeamFoundationServer = https://puremethods.visualstudio.com/defaultcollection
		SccLocalPath0 = .
		SccProjectUniqueName1 = ..\\..\\DCServices\\Trunk\\DC.Common\\DC.Common.csproj
		SccProjectName1 = ../../DCServices/Trunk/DC.Common
		SccLocalPath1 = ..\\..\\DCServices\\Trunk\\DC.Common
		SccProjectUniqueName2 = ..\\..\\DCServices\\Trunk\\DC.Data\\DC.Data.csproj
		SccProjectName2 = ../../DCServices/Trunk/DC.Data
		SccLocalPath2 = ..\\..\\DCServices\\Trunk\\DC.Data
		SccProjectUniqueName3 = ..\\..\\DCServices\\Trunk\\DC.Providers\\DC.Providers.csproj
		SccProjectName3 = ../../DCServices/Trunk/DC.Providers
		SccLocalPath3 = ..\\..\\DCServices\\Trunk\\DC.Providers
		SccProjectUniqueName4 = ..\\..\\DCServices\\Trunk\\DC.Models\\DC.Common.Models.csproj
		SccProjectName4 = ../../DCServices/Trunk/DC.Models
		SccLocalPath4 = ..\\..\\DCServices\\Trunk\\DC.Models
		SccProjectUniqueName5 = Portal.csproj
		SccLocalPath5 = .
		SccProjectUniqueName6 = ..\\..\\DCServices\\Trunk\\bccrypto-net-1.7-src-ext\\csharp\\crypto\\crypto.csproj
		SccProjectName6 = ../../DCServices/Trunk/bccrypto-net-1.7-src-ext/csharp/crypto
		SccLocalPath6 = ..\\..\\DCServices\\Trunk\\bccrypto-net-1.7-src-ext\\csharp\\crypto
		SccProjectUniqueName7 = ..\\..\\BitcoinATMReleaseVersion\\BitcoinATM\\PinPayments\\PinPayments.csproj
		SccProjectName7 = ../../BitcoinATMReleaseVersion/BitcoinATM/PinPayments
		SccLocalPath7 = ..\\..\\BitcoinATMReleaseVersion\\BitcoinATM\\PinPayments
	EndGlobalSection
	GlobalSection(SolutionConfigurationPlatforms) = preSolution
		Debug|Any CPU = Debug|Any CPU
		Lucas.Local|Any CPU = Lucas.Local|Any CPU
		Release|Any CPU = Release|Any CPU
		Steve Local|Any CPU = Steve Local|Any CPU
	EndGlobalSection
	GlobalSection(ProjectConfigurationPlatforms) = postSolution
		{725A0573-6B64-43DC-AFBE-2C8D332B887C}.Debug|Any CPU.ActiveCfg = Debug|Any CPU
		{725A0573-6B64-43DC-AFBE-2C8D332B887C}.Debug|Any CPU.Build.0 = Debug|Any CPU
		{725A0573-6B64-43DC-AFBE-2C8D332B887C}.Lucas.Local|Any CPU.ActiveCfg = Release|Any CPU
		{725A0573-6B64-43DC-AFBE-2C8D332B887C}.Lucas.Local|Any CPU.Build.0 = Release|Any CPU
		{725A0573-6B64-43DC-AFBE-2C8D332B887C}.Release|Any CPU.ActiveCfg = Release|Any CPU
		{725A0573-6B64-43DC-AFBE-2C8D332B887C}.Release|Any CPU.Build.0 = Release|Any CPU
		{725A0573-6B64-43DC-AFBE-2C8D332B887C}.Steve Local|Any CPU.ActiveCfg = Release|Any CPU
		{725A0573-6B64-43DC-AFBE-2C8D332B887C}.Steve Local|Any CPU.Build.0 = Release|Any CPU
		{45CC1033-9ADC-4592-9750-5595A48D9BAA}.Debug|Any CPU.ActiveCfg = Debug|Any CPU
		{45CC1033-9ADC-4592-9750-5595A48D9BAA}.Debug|Any CPU.Build.0 = Debug|Any CPU
		{45CC1033-9ADC-4592-9750-5595A48D9BAA}.Lucas.Local|Any CPU.ActiveCfg = Release|Any CPU
		{45CC1033-9ADC-4592-9750-5595A48D9BAA}.Lucas.Local|Any CPU.Build.0 = Release|Any CPU
		{45CC1033-9ADC-4592-9750-5595A48D9BAA}.Release|Any CPU.ActiveCfg = Release|Any CPU
		{45CC1033-9ADC-4592-9750-5595A48D9BAA}.Release|Any CPU.Build.0 = Release|Any CPU
		{45CC1033-9ADC-4592-9750-5595A48D9BAA}.Steve Local|Any CPU.ActiveCfg = Release|Any CPU
		{45CC1033-9ADC-4592-9750-5595A48D9BAA}.Steve Local|Any CPU.Build.0 = Release|Any CPU
		{2E98565F-C938-4B3F-B559-276321B12F3D}.Debug|Any CPU.ActiveCfg = Debug|Any CPU
		{2E98565F-C938-4B3F-B559-276321B12F3D}.Debug|Any CPU.Build.0 = Debug|Any CPU
		{2E98565F-C938-4B3F-B559-276321B12F3D}.Lucas.Local|Any CPU.ActiveCfg = Release|Any CPU
		{2E98565F-C938-4B3F-B559-276321B12F3D}.Lucas.Local|Any CPU.Build.0 = Release|Any CPU
		{2E98565F-C938-4B3F-B559-276321B12F3D}.Release|Any CPU.ActiveCfg = Release|Any CPU
		{2E98565F-C938-4B3F-B559-276321B12F3D}.Release|Any CPU.Build.0 = Release|Any CPU
		{2E98565F-C938-4B3F-B559-276321B12F3D}.Steve Local|Any CPU.ActiveCfg = Release|Any CPU
		{2E98565F-C938-4B3F-B559-276321B12F3D}.Steve Local|Any CPU.Build.0 = Release|Any CPU
		{5780EF14-C471-4CC5-97CA-2BE451734CAA}.Debug|Any CPU.ActiveCfg = Debug|Any CPU
		{5780EF14-C471-4CC5-97CA-2BE451734CAA}.Debug|Any CPU.Build.0 = Debug|Any CPU
		{5780EF14-C471-4CC5-97CA-2BE451734CAA}.Lucas.Local|Any CPU.ActiveCfg = Release|Any CPU
		{5780EF14-C471-4CC5-97CA-2BE451734CAA}.Lucas.Local|Any CPU.Build.0 = Release|Any CPU
		{5780EF14-C471-4CC5-97CA-2BE451734CAA}.Release|Any CPU.ActiveCfg = Release|Any CPU
		{5780EF14-C471-4CC5-97CA-2BE451734CAA}.Release|Any CPU.Build.0 = Release|Any CPU
		{5780EF14-C471-4CC5-97CA-2BE451734CAA}.Steve Local|Any CPU.ActiveCfg = Release|Any CPU
		{5780EF14-C471-4CC5-97CA-2BE451734CAA}.Steve Local|Any CPU.Build.0 = Release|Any CPU
		{0761521C-0C8A-4DE6-B7DF-6F61224961E6}.Debug|Any CPU.ActiveCfg = Debug|Any CPU
		{0761521C-0C8A-4DE6-B7DF-6F61224961E6}.Debug|Any CPU.Build.0 = Debug|Any CPU
		{0761521C-0C8A-4DE6-B7DF-6F61224961E6}.Lucas.Local|Any CPU.ActiveCfg = Lucas.Local|Any CPU
		{0761521C-0C8A-4DE6-B7DF-6F61224961E6}.Lucas.Local|Any CPU.Build.0 = Lucas.Local|Any CPU
		{0761521C-0C8A-4DE6-B7DF-6F61224961E6}.Release|Any CPU.ActiveCfg = Release|Any CPU
		{0761521C-0C8A-4DE6-B7DF-6F61224961E6}.Release|Any CPU.Build.0 = Release|Any CPU
		{0761521C-0C8A-4DE6-B7DF-6F61224961E6}.Steve Local|Any CPU.ActiveCfg = Steve Local|Any CPU
		{0761521C-0C8A-4DE6-B7DF-6F61224961E6}.Steve Local|Any CPU.Build.0 = Steve Local|Any CPU
		{38872A5F-E87E-4FAD-B109-8EB7B2E6A4A0}.Debug|Any CPU.ActiveCfg = Debug|Any CPU
		{38872A5F-E87E-4FAD-B109-8EB7B2E6A4A0}.Debug|Any CPU.Build.0 = Debug|Any CPU
		{38872A5F-E87E-4FAD-B109-8EB7B2E6A4A0}.Lucas.Local|Any CPU.ActiveCfg = Release|Any CPU
		{38872A5F-E87E-4FAD-B109-8EB7B2E6A4A0}.Lucas.Local|Any CPU.Build.0 = Release|Any CPU
		{38872A5F-E87E-4FAD-B109-8EB7B2E6A4A0}.Release|Any CPU.ActiveCfg = Release|Any CPU
		{38872A5F-E87E-4FAD-B109-8EB7B2E6A4A0}.Release|Any CPU.Build.0 = Release|Any CPU
		{38872A5F-E87E-4FAD-B109-8EB7B2E6A4A0}.Steve Local|Any CPU.ActiveCfg = Release|Any CPU
		{38872A5F-E87E-4FAD-B109-8EB7B2E6A4A0}.Steve Local|Any CPU.Build.0 = Release|Any CPU
		{D80F497B-61A9-4355-85D5-245FCA984A43}.Debug|Any CPU.ActiveCfg = Debug|Any CPU
		{D80F497B-61A9-4355-85D5-245FCA984A43}.Debug|Any CPU.Build.0 = Debug|Any CPU
		{D80F497B-61A9-4355-85D5-245FCA984A43}.Lucas.Local|Any CPU.ActiveCfg = Release|Any CPU
		{D80F497B-61A9-4355-85D5-245FCA984A43}.Lucas.Local|Any CPU.Build.0 = Release|Any CPU
		{D80F497B-61A9-4355-85D5-245FCA984A43}.Release|Any CPU.ActiveCfg = Release|Any CPU
		{D80F497B-61A9-4355-85D5-245FCA984A43}.Release|Any CPU.Build.0 = Release|Any CPU
		{D80F497B-61A9-4355-85D5-245FCA984A43}.Steve Local|Any CPU.ActiveCfg = Release|Any CPU
		{D80F497B-61A9-4355-85D5-245FCA984A43}.Steve Local|Any CPU.Build.0 = Release|Any CPU
	EndGlobalSection
	GlobalSection(SolutionProperties) = preSolution
		HideSolutionNode = FALSE
	EndGlobalSection
	GlobalSection(ExtensibilityGlobals) = postSolution
		EnterpriseLibraryConfigurationToolBinariesPathV6 = packages\EnterpriseLibrary.Common.6.0.1304.0\lib\NET45;packages\EnterpriseLibrary.Logging.6.0.1304.0\lib\NET45
	EndGlobalSection
EndGlobal
