
Microsoft Visual Studio Solution File, Format Version 12.00
# Visual Studio 2013
VisualStudioVersion = 12.0.30723.0
MinimumVisualStudioVersion = 10.0.40219.1
Project("{FAE04EC0-301F-11D3-BF4B-00C04F79EFBC}") = "DCAPI", "DCAPI\DCAPI.csproj", "{5B8FE5D1-D01F-4B86-B81D-B7838918F522}"
	ProjectSection(ProjectDependencies) = postProject
		{5780EF14-C471-4CC5-97CA-2BE451734CAA} = {5780EF14-C471-4CC5-97CA-2BE451734CAA}
		{45CC1033-9ADC-4592-9750-5595A48D9BAA} = {45CC1033-9ADC-4592-9750-5595A48D9BAA}
	EndProjectSection
EndProject
Project("{2150E333-8FDC-42A3-9474-1A3956D46DE8}") = ".nuget", ".nuget", "{AA6A1396-4BBD-4487-9F62-4F15905B555E}"
	ProjectSection(SolutionItems) = preProject
		.nuget\packages.config = .nuget\packages.config
	EndProjectSection
EndProject
Project("{FAE04EC0-301F-11D3-BF4B-00C04F79EFBC}") = "DC.Data", "..\..\..\Source\PureMethods\DCServices\Development\DC.Data\DC.Data.csproj", "{45CC1033-9ADC-4592-9750-5595A48D9BAA}"
EndProject
Project("{FAE04EC0-301F-11D3-BF4B-00C04F79EFBC}") = "DC.Common.Models", "..\..\..\Source\PureMethods\DCServices\Development\DC.Models\DC.Common.Models.csproj", "{5780EF14-C471-4CC5-97CA-2BE451734CAA}"
EndProject
Global
	GlobalSection(TeamFoundationVersionControl) = preSolution
		SccNumberOfProjects = 4
		SccEnterpriseProvider = {4CA58AB2-18FA-4F8D-95D4-32DDF27D184C}
		SccTeamFoundationServer = https://puremethods.visualstudio.com/defaultcollection
		SccLocalPath0 = .
		SccProjectUniqueName1 = DCAPI\\DCAPI.csproj
		SccProjectName1 = DCAPI
		SccLocalPath1 = DCAPI
		SccProjectUniqueName2 = ..\\..\\..\\Source\\PureMethods\\DCServices\\Development\\DC.Data\\DC.Data.csproj
		SccProjectName2 = ../../DCServices/Development/DC.Data
		SccLocalPath2 = ..\\..\\..\\Source\\PureMethods\\DCServices\\Development\\DC.Data
		SccProjectUniqueName3 = ..\\..\\..\\Source\\PureMethods\\DCServices\\Development\\DC.Models\\DC.Common.Models.csproj
		SccProjectName3 = ../../DCServices/Development/DC.Models
		SccLocalPath3 = ..\\..\\..\\Source\\PureMethods\\DCServices\\Development\\DC.Models
	EndGlobalSection
	GlobalSection(SolutionConfigurationPlatforms) = preSolution
		Debug|Any CPU = Debug|Any CPU
		Release|Any CPU = Release|Any CPU
	EndGlobalSection
	GlobalSection(ProjectConfigurationPlatforms) = postSolution
		{5B8FE5D1-D01F-4B86-B81D-B7838918F522}.Debug|Any CPU.ActiveCfg = Debug|Any CPU
		{5B8FE5D1-D01F-4B86-B81D-B7838918F522}.Debug|Any CPU.Build.0 = Debug|Any CPU
		{5B8FE5D1-D01F-4B86-B81D-B7838918F522}.Release|Any CPU.ActiveCfg = Release|Any CPU
		{5B8FE5D1-D01F-4B86-B81D-B7838918F522}.Release|Any CPU.Build.0 = Release|Any CPU
		{45CC1033-9ADC-4592-9750-5595A48D9BAA}.Debug|Any CPU.ActiveCfg = Debug|Any CPU
		{45CC1033-9ADC-4592-9750-5595A48D9BAA}.Debug|Any CPU.Build.0 = Debug|Any CPU
		{45CC1033-9ADC-4592-9750-5595A48D9BAA}.Release|Any CPU.ActiveCfg = Release|Any CPU
		{45CC1033-9ADC-4592-9750-5595A48D9BAA}.Release|Any CPU.Build.0 = Release|Any CPU
		{5780EF14-C471-4CC5-97CA-2BE451734CAA}.Debug|Any CPU.ActiveCfg = Debug|Any CPU
		{5780EF14-C471-4CC5-97CA-2BE451734CAA}.Debug|Any CPU.Build.0 = Debug|Any CPU
		{5780EF14-C471-4CC5-97CA-2BE451734CAA}.Release|Any CPU.ActiveCfg = Release|Any CPU
		{5780EF14-C471-4CC5-97CA-2BE451734CAA}.Release|Any CPU.Build.0 = Release|Any CPU
	EndGlobalSection
	GlobalSection(SolutionProperties) = preSolution
		HideSolutionNode = FALSE
	EndGlobalSection
EndGlobal
