
Microsoft Visual Studio Solution File, Format Version 12.00
# Visual Studio 2013
VisualStudioVersion = 12.0.21005.1
MinimumVisualStudioVersion = 10.0.40219.1
Project("{FAE04EC0-301F-11D3-BF4B-00C04F79EFBC}") = "BitcoinATM", "BitcoinATM\BitcoinATM.csproj", "{EB564806-1430-4858-88EB-5D20CB780E96}"
EndProject
Project("{FAE04EC0-301F-11D3-BF4B-00C04F79EFBC}") = "PrintingServices", "PrintingServices\PrintingServices.csproj", "{9211B25F-D128-48FA-BAFA-24ADF6DFB001}"
EndProject
Project("{2150E333-8FDC-42A3-9474-1A3956D46DE8}") = "Solution Items", "Solution Items", "{3EC4FDCC-2E57-41AA-A134-937782D15E99}"
	ProjectSection(SolutionItems) = preProject
		D:\dc01.css = D:\dc01.css
	EndProjectSection
EndProject
Project("{FAE04EC0-301F-11D3-BF4B-00C04F79EFBC}") = "DC.Common", "..\..\DCServices\Trunk\DC.Common\DC.Common.csproj", "{725A0573-6B64-43DC-AFBE-2C8D332B887C}"
EndProject
Project("{FAE04EC0-301F-11D3-BF4B-00C04F79EFBC}") = "BitcoinRpcSharp", "..\..\DCServices\Trunk\BitcoinRpcSharp\BitcoinRpcSharp.csproj", "{21023FF2-B19C-4CAD-9EC2-28F47FC9FC4C}"
EndProject
Project("{FAE04EC0-301F-11D3-BF4B-00C04F79EFBC}") = "crypto", "..\..\DCServices\Trunk\bccrypto-net-1.7-src-ext\csharp\crypto\crypto.csproj", "{38872A5F-E87E-4FAD-B109-8EB7B2E6A4A0}"
EndProject
Global
	GlobalSection(TeamFoundationVersionControl) = preSolution
		SccNumberOfProjects = 6
		SccEnterpriseProvider = {4CA58AB2-18FA-4F8D-95D4-32DDF27D184C}
		SccTeamFoundationServer = https://puremethods.visualstudio.com/defaultcollection
		SccLocalPath0 = .
		SccProjectUniqueName1 = BitcoinATM\\BitcoinATM.csproj
		SccProjectName1 = BitcoinATM
		SccLocalPath1 = BitcoinATM
		SccProjectUniqueName2 = PrintingServices\\PrintingServices.csproj
		SccProjectName2 = PrintingServices
		SccLocalPath2 = PrintingServices
		SccProjectUniqueName3 = ..\\..\\DCServices\\Trunk\\DC.Common\\DC.Common.csproj
		SccProjectName3 = ../../DCServices/Trunk/DC.Common
		SccLocalPath3 = ..\\..\\DCServices\\Trunk\\DC.Common
		SccProjectUniqueName4 = ..\\..\\DCServices\\Trunk\\BitcoinRpcSharp\\BitcoinRpcSharp.csproj
		SccProjectName4 = ../../DCServices/Trunk/BitcoinRpcSharp
		SccLocalPath4 = ..\\..\\DCServices\\Trunk\\BitcoinRpcSharp
		SccProjectUniqueName5 = ..\\..\\DCServices\\Trunk\\bccrypto-net-1.7-src-ext\\csharp\\crypto\\crypto.csproj
		SccProjectName5 = ../../DCServices/Trunk/bccrypto-net-1.7-src-ext/csharp/crypto
		SccLocalPath5 = ..\\..\\DCServices\\Trunk\\bccrypto-net-1.7-src-ext\\csharp\\crypto
	EndGlobalSection
	GlobalSection(SolutionConfigurationPlatforms) = preSolution
		Debug|Any CPU = Debug|Any CPU
		Release|Any CPU = Release|Any CPU
	EndGlobalSection
	GlobalSection(ProjectConfigurationPlatforms) = postSolution
		{EB564806-1430-4858-88EB-5D20CB780E96}.Debug|Any CPU.ActiveCfg = Debug|Any CPU
		{EB564806-1430-4858-88EB-5D20CB780E96}.Debug|Any CPU.Build.0 = Debug|Any CPU
		{EB564806-1430-4858-88EB-5D20CB780E96}.Release|Any CPU.ActiveCfg = Release|Any CPU
		{EB564806-1430-4858-88EB-5D20CB780E96}.Release|Any CPU.Build.0 = Release|Any CPU
		{9211B25F-D128-48FA-BAFA-24ADF6DFB001}.Debug|Any CPU.ActiveCfg = Debug|Any CPU
		{9211B25F-D128-48FA-BAFA-24ADF6DFB001}.Debug|Any CPU.Build.0 = Debug|Any CPU
		{9211B25F-D128-48FA-BAFA-24ADF6DFB001}.Release|Any CPU.ActiveCfg = Release|Any CPU
		{9211B25F-D128-48FA-BAFA-24ADF6DFB001}.Release|Any CPU.Build.0 = Release|Any CPU
		{725A0573-6B64-43DC-AFBE-2C8D332B887C}.Debug|Any CPU.ActiveCfg = Debug|Any CPU
		{725A0573-6B64-43DC-AFBE-2C8D332B887C}.Debug|Any CPU.Build.0 = Debug|Any CPU
		{725A0573-6B64-43DC-AFBE-2C8D332B887C}.Release|Any CPU.ActiveCfg = Release|Any CPU
		{725A0573-6B64-43DC-AFBE-2C8D332B887C}.Release|Any CPU.Build.0 = Release|Any CPU
		{21023FF2-B19C-4CAD-9EC2-28F47FC9FC4C}.Debug|Any CPU.ActiveCfg = Debug|Any CPU
		{21023FF2-B19C-4CAD-9EC2-28F47FC9FC4C}.Debug|Any CPU.Build.0 = Debug|Any CPU
		{21023FF2-B19C-4CAD-9EC2-28F47FC9FC4C}.Release|Any CPU.ActiveCfg = Release|Any CPU
		{21023FF2-B19C-4CAD-9EC2-28F47FC9FC4C}.Release|Any CPU.Build.0 = Release|Any CPU
		{38872A5F-E87E-4FAD-B109-8EB7B2E6A4A0}.Debug|Any CPU.ActiveCfg = Debug|Any CPU
		{38872A5F-E87E-4FAD-B109-8EB7B2E6A4A0}.Debug|Any CPU.Build.0 = Debug|Any CPU
		{38872A5F-E87E-4FAD-B109-8EB7B2E6A4A0}.Release|Any CPU.ActiveCfg = Release|Any CPU
		{38872A5F-E87E-4FAD-B109-8EB7B2E6A4A0}.Release|Any CPU.Build.0 = Release|Any CPU
	EndGlobalSection
	GlobalSection(SolutionProperties) = preSolution
		HideSolutionNode = FALSE
	EndGlobalSection
	GlobalSection(ExtensibilityGlobals) = postSolution
		EnterpriseLibraryConfigurationToolBinariesPathV6 = packages\EnterpriseLibrary.Common.6.0.1304.0\lib\NET45;packages\EnterpriseLibrary.Logging.6.0.1304.0\lib\NET45
	EndGlobalSection
EndGlobal
